
Microsoft Visual Studio Solution File, Format Version 12.00
# Visual Studio Version 17
VisualStudioVersion = 17.0.32126.317
MinimumVisualStudioVersion = 10.0.40219.1
Project("{FAE04EC0-301F-11D3-BF4B-00C04F79EFBC}") = "GloverModManager", "GloverModManager\GloverModManager.csproj", "{5213B3BC-C912-4E04-AC25-99D22303B7FC}"
EndProject
Global
	GlobalSection(SolutionConfigurationPlatforms) = preSolution
		Debug|Any CPU = Debug|Any CPU
		Release|Any CPU = Release|Any CPU
	EndGlobalSection
	GlobalSection(ProjectConfigurationPlatforms) = postSolution
		{5213B3BC-C912-4E04-AC25-99D22303B7FC}.Debug|Any CPU.ActiveCfg = Debug|Any CPU
		{5213B3BC-C912-4E04-AC25-99D22303B7FC}.Debug|Any CPU.Build.0 = Debug|Any CPU
		{5213B3BC-C912-4E04-AC25-99D22303B7FC}.Release|Any CPU.ActiveCfg = Release|Any CPU
		{5213B3BC-C912-4E04-AC25-99D22303B7FC}.Release|Any CPU.Build.0 = Release|Any CPU
	EndGlobalSection
	GlobalSection(SolutionProperties) = preSolution
		HideSolutionNode = FALSE
	EndGlobalSection
	GlobalSection(ExtensibilityGlobals) = postSolution
		SolutionGuid = {F38FB3C3-0D80-4964-8A6E-E41A016F5B34}
	EndGlobalSection
EndGlobal
